
Microsoft Visual Studio Solution File, Format Version 12.00
# Visual Studio 2013
VisualStudioVersion = 12.0.40629.0
MinimumVisualStudioVersion = 10.0.40219.1
Project("{FAE04EC0-301F-11D3-BF4B-00C04F79EFBC}") = "RemoteMeasure.MeasureService", "RemoteMeasure.MeasureService\RemoteMeasure.MeasureService.csproj", "{E331D474-0243-402E-8BFB-5005EEC2E203}"
EndProject
Project("{FAE04EC0-301F-11D3-BF4B-00C04F79EFBC}") = "RemoteMeasure.CalculationService", "RemoteMeasure.CalculationService\RemoteMeasure.CalculationService.csproj", "{1C9BD8B0-FD79-4392-9D6B-B729F8F9E6D8}"
EndProject
Project("{FAE04EC0-301F-11D3-BF4B-00C04F79EFBC}") = "RemoteMeasure.Common", "RemoteMeasure.Common\RemoteMeasure.Common.csproj", "{048F9284-63B3-4A84-AB1A-020E30FABC5A}"
EndProject
Global
	GlobalSection(SolutionConfigurationPlatforms) = preSolution
		Debug|Any CPU = Debug|Any CPU
		Release|Any CPU = Release|Any CPU
	EndGlobalSection
	GlobalSection(ProjectConfigurationPlatforms) = postSolution
		{E331D474-0243-402E-8BFB-5005EEC2E203}.Debug|Any CPU.ActiveCfg = Debug|Any CPU
		{E331D474-0243-402E-8BFB-5005EEC2E203}.Debug|Any CPU.Build.0 = Debug|Any CPU
		{E331D474-0243-402E-8BFB-5005EEC2E203}.Release|Any CPU.ActiveCfg = Release|Any CPU
		{E331D474-0243-402E-8BFB-5005EEC2E203}.Release|Any CPU.Build.0 = Release|Any CPU
		{1C9BD8B0-FD79-4392-9D6B-B729F8F9E6D8}.Debug|Any CPU.ActiveCfg = Debug|Any CPU
		{1C9BD8B0-FD79-4392-9D6B-B729F8F9E6D8}.Debug|Any CPU.Build.0 = Debug|Any CPU
		{1C9BD8B0-FD79-4392-9D6B-B729F8F9E6D8}.Release|Any CPU.ActiveCfg = Release|Any CPU
		{1C9BD8B0-FD79-4392-9D6B-B729F8F9E6D8}.Release|Any CPU.Build.0 = Release|Any CPU
		{048F9284-63B3-4A84-AB1A-020E30FABC5A}.Debug|Any CPU.ActiveCfg = Debug|Any CPU
		{048F9284-63B3-4A84-AB1A-020E30FABC5A}.Debug|Any CPU.Build.0 = Debug|Any CPU
		{048F9284-63B3-4A84-AB1A-020E30FABC5A}.Release|Any CPU.ActiveCfg = Release|Any CPU
		{048F9284-63B3-4A84-AB1A-020E30FABC5A}.Release|Any CPU.Build.0 = Release|Any CPU
	EndGlobalSection
	GlobalSection(SolutionProperties) = preSolution
		HideSolutionNode = FALSE
	EndGlobalSection
EndGlobal
